
Microsoft Visual Studio Solution File, Format Version 12.00
# Visual Studio Version 17
VisualStudioVersion = 17.10.35122.118
MinimumVisualStudioVersion = 10.0.40219.1
Project("{9A19103F-16F7-4668-BE54-9A1E7A4F7556}") = "MyAspNetCoreApp.Web", "MyAspNetCoreApp.Web\MyAspNetCoreApp.Web.csproj", "{CE4398A2-9BDA-4A1A-AD0A-A38EF061AAAC}"
EndProject
Project("{FAE04EC0-301F-11D3-BF4B-00C04F79EFBC}") = "MiddlewareExample.Web", "MiddlewareExample.Web\MiddlewareExample.Web.csproj", "{522E5F7C-F244-4E79-8DC1-B6AC6D047220}"
EndProject
Global
	GlobalSection(SolutionConfigurationPlatforms) = preSolution
		Debug|Any CPU = Debug|Any CPU
		Release|Any CPU = Release|Any CPU
	EndGlobalSection
	GlobalSection(ProjectConfigurationPlatforms) = postSolution
		{CE4398A2-9BDA-4A1A-AD0A-A38EF061AAAC}.Debug|Any CPU.ActiveCfg = Debug|Any CPU
		{CE4398A2-9BDA-4A1A-AD0A-A38EF061AAAC}.Debug|Any CPU.Build.0 = Debug|Any CPU
		{CE4398A2-9BDA-4A1A-AD0A-A38EF061AAAC}.Release|Any CPU.ActiveCfg = Release|Any CPU
		{CE4398A2-9BDA-4A1A-AD0A-A38EF061AAAC}.Release|Any CPU.Build.0 = Release|Any CPU
		{522E5F7C-F244-4E79-8DC1-B6AC6D047220}.Debug|Any CPU.ActiveCfg = Debug|Any CPU
		{522E5F7C-F244-4E79-8DC1-B6AC6D047220}.Debug|Any CPU.Build.0 = Debug|Any CPU
		{522E5F7C-F244-4E79-8DC1-B6AC6D047220}.Release|Any CPU.ActiveCfg = Release|Any CPU
		{522E5F7C-F244-4E79-8DC1-B6AC6D047220}.Release|Any CPU.Build.0 = Release|Any CPU
	EndGlobalSection
	GlobalSection(SolutionProperties) = preSolution
		HideSolutionNode = FALSE
	EndGlobalSection
	GlobalSection(ExtensibilityGlobals) = postSolution
		SolutionGuid = {B94A0AC9-3A75-406D-877E-CB0D60B03480}
	EndGlobalSection
EndGlobal
